
Microsoft Visual Studio Solution File, Format Version 12.00
# Visual Studio Version 16
VisualStudioVersion = 16.0.29509.3
MinimumVisualStudioVersion = 10.0.40219.1
Project("{8BC9CEB8-8B4A-11D0-8D11-00A0C91BC942}") = "Assignment 3", "Assignment 3.vcxproj", "{4256F0A4-88D9-41B5-B9E4-30E7B60D92FC}"
EndProject
Global
	GlobalSection(SolutionConfigurationPlatforms) = preSolution
		Debug|x64 = Debug|x64
		Debug|x86 = Debug|x86
		Release|x64 = Release|x64
		Release|x86 = Release|x86
	EndGlobalSection
	GlobalSection(ProjectConfigurationPlatforms) = postSolution
		{4256F0A4-88D9-41B5-B9E4-30E7B60D92FC}.Debug|x64.ActiveCfg = Debug|x64
		{4256F0A4-88D9-41B5-B9E4-30E7B60D92FC}.Debug|x64.Build.0 = Debug|x64
		{4256F0A4-88D9-41B5-B9E4-30E7B60D92FC}.Debug|x86.ActiveCfg = Debug|Win32
		{4256F0A4-88D9-41B5-B9E4-30E7B60D92FC}.Debug|x86.Build.0 = Debug|Win32
		{4256F0A4-88D9-41B5-B9E4-30E7B60D92FC}.Release|x64.ActiveCfg = Release|x64
		{4256F0A4-88D9-41B5-B9E4-30E7B60D92FC}.Release|x64.Build.0 = Release|x64
		{4256F0A4-88D9-41B5-B9E4-30E7B60D92FC}.Release|x86.ActiveCfg = Release|Win32
		{4256F0A4-88D9-41B5-B9E4-30E7B60D92FC}.Release|x86.Build.0 = Release|Win32
	EndGlobalSection
	GlobalSection(SolutionProperties) = preSolution
		HideSolutionNode = FALSE
	EndGlobalSection
	GlobalSection(ExtensibilityGlobals) = postSolution
		SolutionGuid = {A059892B-2BBB-4162-809C-7F2D49DA0FD3}
	EndGlobalSection
EndGlobal
